
Microsoft Visual Studio Solution File, Format Version 12.00
# Visual Studio 15
VisualStudioVersion = 15.0.28307.329
MinimumVisualStudioVersion = 10.0.40219.1
Project("{FAE04EC0-301F-11D3-BF4B-00C04F79EFBC}") = "vp", "vp\vp.csproj", "{DF43BC9B-B421-489C-844B-248966D8F0BB}"
EndProject
Global
	GlobalSection(SolutionConfigurationPlatforms) = preSolution
		Debug|Any CPU = Debug|Any CPU
		Release|Any CPU = Release|Any CPU
	EndGlobalSection
	GlobalSection(ProjectConfigurationPlatforms) = postSolution
		{DF43BC9B-B421-489C-844B-248966D8F0BB}.Debug|Any CPU.ActiveCfg = Debug|Any CPU
		{DF43BC9B-B421-489C-844B-248966D8F0BB}.Debug|Any CPU.Build.0 = Debug|Any CPU
		{DF43BC9B-B421-489C-844B-248966D8F0BB}.Release|Any CPU.ActiveCfg = Release|Any CPU
		{DF43BC9B-B421-489C-844B-248966D8F0BB}.Release|Any CPU.Build.0 = Release|Any CPU
	EndGlobalSection
	GlobalSection(SolutionProperties) = preSolution
		HideSolutionNode = FALSE
	EndGlobalSection
	GlobalSection(ExtensibilityGlobals) = postSolution
		SolutionGuid = {D28D6502-8C3E-47AE-BCAA-9D6716BA17F6}
	EndGlobalSection
EndGlobal
